
Microsoft Visual Studio Solution File, Format Version 12.00
# Visual Studio Version 17
VisualStudioVersion = 17.3.32825.248
MinimumVisualStudioVersion = 10.0.40219.1
Project("{FAE04EC0-301F-11D3-BF4B-00C04F79EFBC}") = "UserAPI01", "UserAPI01\UserAPI01.csproj", "{D4C13400-D9D5-4EA7-B251-636FCFFE486B}"
EndProject
Global
	GlobalSection(SolutionConfigurationPlatforms) = preSolution
		Debug|Any CPU = Debug|Any CPU
		Release|Any CPU = Release|Any CPU
	EndGlobalSection
	GlobalSection(ProjectConfigurationPlatforms) = postSolution
		{D4C13400-D9D5-4EA7-B251-636FCFFE486B}.Debug|Any CPU.ActiveCfg = Debug|Any CPU
		{D4C13400-D9D5-4EA7-B251-636FCFFE486B}.Debug|Any CPU.Build.0 = Debug|Any CPU
		{D4C13400-D9D5-4EA7-B251-636FCFFE486B}.Release|Any CPU.ActiveCfg = Release|Any CPU
		{D4C13400-D9D5-4EA7-B251-636FCFFE486B}.Release|Any CPU.Build.0 = Release|Any CPU
	EndGlobalSection
	GlobalSection(SolutionProperties) = preSolution
		HideSolutionNode = FALSE
	EndGlobalSection
	GlobalSection(ExtensibilityGlobals) = postSolution
		SolutionGuid = {8C7FBA9D-59A8-48AF-8985-0DB93EBD768C}
	EndGlobalSection
EndGlobal
